{
  "version": 4,
  "terraform_version": "1.2.3",
  "serial": 23,
  "lineage": "fd2c85a2-7881-d456-dee7-408f794e243b",
  "outputs": {
    "external_ip_address_vm_1": {
      "value": "51.250.93.51",
      "type": "string"
    },
    "internal_ip_address_vm_1": {
      "value": "192.168.10.34",
      "type": "string"
    }
  },
  "resources": [
    {
      "mode": "data",
      "type": "yandex_compute_image",
      "name": "my_image",
      "provider": "provider[\"registry.terraform.io/yandex-cloud/yandex\"]",
      "instances": [
        {
          "schema_version": 0,
          "attributes": {
            "created_at": "2022-06-20T10:43:03Z",
            "description": "LEMP",
            "family": "lemp",
            "folder_id": "standard-images",
            "id": "fd8lur056bsfs83gfnvm",
            "image_id": "fd8lur056bsfs83gfnvm",
            "labels": {},
            "min_disk_size": 3,
            "name": "lemp-v20220620",
            "os_type": "linux",
            "pooled": true,
            "product_ids": [
              "f2ec3jc5n293i5q2fkra",
              "f2el8bvfossqruqgt6sb"
            ],
            "size": 2,
            "status": "ready"
          },
          "sensitive_attributes": []
        }
      ]
    },
    {
      "mode": "managed",
      "type": "yandex_compute_instance",
      "name": "vm-1",
      "provider": "provider[\"registry.terraform.io/yandex-cloud/yandex\"]",
      "instances": [
        {
          "schema_version": 1,
          "attributes": {
            "allow_recreate": null,
            "allow_stopping_for_update": null,
            "boot_disk": [
              {
                "auto_delete": true,
                "device_name": "fhmmlinhtb2d1gnnj6tr",
                "disk_id": "fhmmlinhtb2d1gnnj6tr",
                "initialize_params": [
                  {
                    "block_size": 4096,
                    "description": "",
                    "image_id": "fd8lur056bsfs83gfnvm",
                    "name": "",
                    "size": 3,
                    "snapshot_id": "",
                    "type": "network-hdd"
                  }
                ],
                "mode": "READ_WRITE"
              }
            ],
            "created_at": "2022-06-28T17:54:22Z",
            "description": "",
            "folder_id": "b1gr1in1jn1mqa5glht0",
            "fqdn": "fhm91f68t1ffk34nc7jv.auto.internal",
            "hostname": "fhm91f68t1ffk34nc7jv",
            "id": "fhm91f68t1ffk34nc7jv",
            "labels": {},
            "metadata": {
              "ssh-keys": "ubuntu:ssh-rsa AAAAB3NzaC1yc2EAAAADAQABAAABAQCs8bFNVkaXh9FJJ3TZTkGfXgesAUGCEu3CDNr0OjCaL4/XByhkzCej6fgXLDc9NNfNDyAbabn6GpXvckpBGHdUreH94LXb/wKBLOKujL6xNQozNc5ub2QgENxggw3AvOWBimeeSdgZ3S8T7B9QJFiZ9QhWXk/wwKAWBQs9+hn0YDiOuxA+ruh5abQ1MsAPNXHJPEU/iE94sQ/jIrIvm81ozjl8Z6Bs/PaBAYbYfDwsANeJKXkDeRd/lewrfK/AYFPcEarVxKwzJtMHbXxr9u0WjOJUlJxQTID8mM/VKuBorFG2GcHNETJ3UFa6mO8WcSkLGMbJ/QbYYgfEDSeA5dk5 root@DESKTOP-MM8N21I\n"
            },
            "name": "test",
            "network_acceleration_type": "standard",
            "network_interface": [
              {
                "dns_record": [],
                "index": 0,
                "ip_address": "192.168.10.34",
                "ipv4": true,
                "ipv6": false,
                "ipv6_address": "",
                "ipv6_dns_record": [],
                "mac_address": "d0:0d:90:bc:c8:e8",
                "nat": true,
                "nat_dns_record": [],
                "nat_ip_address": "51.250.93.51",
                "nat_ip_version": "IPV4",
                "security_group_ids": [],
                "subnet_id": "e9beg2iehgbr2r59mato"
              }
            ],
            "placement_policy": [
              {
                "host_affinity_rules": [],
                "placement_group_id": ""
              }
            ],
            "platform_id": "standard-v1",
            "resources": [
              {
                "core_fraction": 100,
                "cores": 2,
                "gpus": 0,
                "memory": 2
              }
            ],
            "scheduling_policy": [
              {
                "preemptible": false
              }
            ],
            "secondary_disk": [],
            "service_account_id": "",
            "status": "running",
            "timeouts": null,
            "zone": "ru-central1-a"
          },
          "sensitive_attributes": [],
          "private": "eyJlMmJmYjczMC1lY2FhLTExZTYtOGY4OC0zNDM2M2JjN2M0YzAiOnsiY3JlYXRlIjozMDAwMDAwMDAwMDAsImRlbGV0ZSI6MzAwMDAwMDAwMDAwLCJ1cGRhdGUiOjMwMDAwMDAwMDAwMH0sInNjaGVtYV92ZXJzaW9uIjoiMSJ9",
          "dependencies": [
            "data.yandex_compute_image.my_image",
            "yandex_vpc_network.foo",
            "yandex_vpc_subnet.foo"
          ]
        }
      ]
    },
    {
      "mode": "managed",
      "type": "yandex_iam_service_account",
      "name": "sa",
      "provider": "provider[\"registry.terraform.io/yandex-cloud/yandex\"]",
      "instances": [
        {
          "schema_version": 0,
          "attributes": {
            "created_at": "2022-06-30T14:08:16Z",
            "description": "",
            "folder_id": "b1gr1in1jn1mqa5glht0",
            "id": "aje8pk4be7u8ft8cvpcr",
            "name": "sa-skillfactory",
            "timeouts": null
          },
          "sensitive_attributes": [],
          "private": "eyJlMmJmYjczMC1lY2FhLTExZTYtOGY4OC0zNDM2M2JjN2M0YzAiOnsiY3JlYXRlIjo2MDAwMDAwMDAwMCwiZGVsZXRlIjo2MDAwMDAwMDAwMCwidXBkYXRlIjo2MDAwMDAwMDAwMH19"
        }
      ]
    },
    {
      "mode": "managed",
      "type": "yandex_iam_service_account_static_access_key",
      "name": "sa-static-key",
      "provider": "provider[\"registry.terraform.io/yandex-cloud/yandex\"]",
      "instances": [
        {
          "schema_version": 0,
          "attributes": {
            "access_key": "YCAJEqgsOpxY0fvxtCP2b_Uva",
            "created_at": "2022-06-30T14:08:16Z",
            "description": "static access key for object storage",
            "encrypted_secret_key": null,
            "id": "ajen6b5cnoht8mrpo3hb",
            "key_fingerprint": null,
            "pgp_key": null,
            "secret_key": "YCMxuaQHCNetinUjzJOBN2eoBDeMA52BqKQUPKFv",
            "service_account_id": "aje8pk4be7u8ft8cvpcr"
          },
          "sensitive_attributes": [],
          "private": "bnVsbA==",
          "dependencies": [
            "yandex_iam_service_account.sa"
          ]
        }
      ]
    },
    {
      "mode": "managed",
      "type": "yandex_resourcemanager_folder_iam_member",
      "name": "sa-editor",
      "provider": "provider[\"registry.terraform.io/yandex-cloud/yandex\"]",
      "instances": [
        {
          "schema_version": 0,
          "attributes": {
            "folder_id": "b1gr1in1jn1mqa5glht0",
            "id": "b1gr1in1jn1mqa5glht0/storage.editor/serviceAccount:aje8pk4be7u8ft8cvpcr",
            "member": "serviceAccount:aje8pk4be7u8ft8cvpcr",
            "role": "storage.editor",
            "sleep_after": null
          },
          "sensitive_attributes": [],
          "private": "bnVsbA==",
          "dependencies": [
            "yandex_iam_service_account.sa"
          ]
        }
      ]
    },
    {
      "mode": "managed",
      "type": "yandex_storage_bucket",
      "name": "ashmigol",
      "provider": "provider[\"registry.terraform.io/yandex-cloud/yandex\"]",
      "instances": [
        {
          "schema_version": 0,
          "attributes": {
            "access_key": "YCAJEqgsOpxY0fvxtCP2b_Uva",
            "acl": "private",
            "anonymous_access_flags": [
              {
                "list": false,
                "read": false
              }
            ],
            "bucket": "ashmigol",
            "bucket_domain_name": "ashmigol.storage.yandexcloud.net",
            "bucket_prefix": null,
            "cors_rule": [],
            "default_storage_class": "STANDARD",
            "folder_id": "b1gr1in1jn1mqa5glht0",
            "force_destroy": false,
            "grant": [],
            "https": [],
            "id": "ashmigol",
            "lifecycle_rule": [],
            "logging": [],
            "max_size": 0,
            "policy": "",
            "secret_key": "YCMxuaQHCNetinUjzJOBN2eoBDeMA52BqKQUPKFv",
            "server_side_encryption_configuration": [],
            "versioning": [
              {
                "enabled": false
              }
            ],
            "website": [],
            "website_domain": null,
            "website_endpoint": null
          },
          "sensitive_attributes": [
            [
              {
                "type": "get_attr",
                "value": "secret_key"
              }
            ]
          ],
          "private": "bnVsbA==",
          "dependencies": [
            "yandex_iam_service_account_static_access_key.sa-static-key"
          ]
        }
      ]
    },
    {
      "mode": "managed",
      "type": "yandex_vpc_network",
      "name": "foo",
      "provider": "provider[\"registry.terraform.io/yandex-cloud/yandex\"]",
      "instances": [
        {
          "schema_version": 0,
          "attributes": {
            "created_at": "2022-06-28T17:36:37Z",
            "default_security_group_id": "",
            "description": "",
            "folder_id": "b1gr1in1jn1mqa5glht0",
            "id": "enp6uno1a7g1ks5aa257",
            "labels": {},
            "name": "foo",
            "subnet_ids": [
              "e9beg2iehgbr2r59mato"
            ],
            "timeouts": null
          },
          "sensitive_attributes": [],
          "private": "eyJlMmJmYjczMC1lY2FhLTExZTYtOGY4OC0zNDM2M2JjN2M0YzAiOnsiY3JlYXRlIjo2MDAwMDAwMDAwMCwiZGVsZXRlIjo2MDAwMDAwMDAwMCwidXBkYXRlIjo2MDAwMDAwMDAwMH19"
        }
      ]
    },
    {
      "mode": "managed",
      "type": "yandex_vpc_subnet",
      "name": "foo",
      "provider": "provider[\"registry.terraform.io/yandex-cloud/yandex\"]",
      "instances": [
        {
          "schema_version": 0,
          "attributes": {
            "created_at": "2022-06-28T17:50:19Z",
            "description": "",
            "dhcp_options": [],
            "folder_id": "b1gr1in1jn1mqa5glht0",
            "id": "e9beg2iehgbr2r59mato",
            "labels": {},
            "name": "",
            "network_id": "enp6uno1a7g1ks5aa257",
            "route_table_id": "",
            "timeouts": null,
            "v4_cidr_blocks": [
              "192.168.10.0/24"
            ],
            "v6_cidr_blocks": [],
            "zone": "ru-central1-a"
          },
          "sensitive_attributes": [],
          "private": "eyJlMmJmYjczMC1lY2FhLTExZTYtOGY4OC0zNDM2M2JjN2M0YzAiOnsiY3JlYXRlIjoxODAwMDAwMDAwMDAsImRlbGV0ZSI6MTgwMDAwMDAwMDAwLCJ1cGRhdGUiOjE4MDAwMDAwMDAwMH19",
          "dependencies": [
            "yandex_vpc_network.foo"
          ]
        }
      ]
    }
  ]
}
